
Microsoft Visual Studio Solution File, Format Version 12.00
# Visual Studio Version 16
VisualStudioVersion = 16.0.31112.23
MinimumVisualStudioVersion = 10.0.40219.1
Project("{FAE04EC0-301F-11D3-BF4B-00C04F79EFBC}") = "RemoteHardwareMonitor", "RemoteHardwareMonitor\RemoteHardwareMonitor.csproj", "{5FBEAA02-8FA1-4DB0-ACD8-81A11DFC87E4}"
EndProject
Project("{54435603-DBB4-11D2-8724-00A0C9A8B90C}") = "Setup", "Setup\Setup.vdproj", "{EDE89A6D-5351-4469-B932-B4FCE993AA08}"
EndProject
Global
	GlobalSection(SolutionConfigurationPlatforms) = preSolution
		Debug|Any CPU = Debug|Any CPU
		Release|Any CPU = Release|Any CPU
	EndGlobalSection
	GlobalSection(ProjectConfigurationPlatforms) = postSolution
		{5FBEAA02-8FA1-4DB0-ACD8-81A11DFC87E4}.Debug|Any CPU.ActiveCfg = Release|Any CPU
		{5FBEAA02-8FA1-4DB0-ACD8-81A11DFC87E4}.Debug|Any CPU.Build.0 = Release|Any CPU
		{5FBEAA02-8FA1-4DB0-ACD8-81A11DFC87E4}.Release|Any CPU.ActiveCfg = Release|Any CPU
		{5FBEAA02-8FA1-4DB0-ACD8-81A11DFC87E4}.Release|Any CPU.Build.0 = Release|Any CPU
		{EDE89A6D-5351-4469-B932-B4FCE993AA08}.Debug|Any CPU.ActiveCfg = Debug
		{EDE89A6D-5351-4469-B932-B4FCE993AA08}.Release|Any CPU.ActiveCfg = Release
	EndGlobalSection
	GlobalSection(SolutionProperties) = preSolution
		HideSolutionNode = FALSE
	EndGlobalSection
	GlobalSection(ExtensibilityGlobals) = postSolution
		SolutionGuid = {B188FD39-6EB3-49E2-850E-A78F12FF4576}
	EndGlobalSection
EndGlobal
